<?xml version="1.0" encoding="utf-8"?>
<Project ToolsVersion="4.0" xmlns="http://schemas.microsoft.com/developer/msbuild/2003">
  <ItemGroup>
    <ClCompile Include="FileStream.cpp">
      <Filter>Source Files</Filter>
    </ClCompile>
    <ClCompile Include="MemoryStream.cpp">
      <Filter>Source Files</Filter>
    </ClCompile>
    <ClCompile Include="Preprocessor.cpp">
      <Filter>Source Files</Filter>
    </ClCompile>
    <ClCompile Include="Stream.cpp">
      <Filter>Source Files</Filter>
    </ClCompile>
    <ClCompile Include="Transpose.cpp">
      <Filter>Source Files</Filter>
    </ClCompile>
  </ItemGroup>
  <ItemGroup>
    <ClInclude Include="FileStream.h">
      <Filter>Header Files</Filter>
    </ClInclude>
    <ClInclude Include="MemoryStream.h">
      <Filter>Header Files</Filter>
    </ClInclude>
    <ClInclude Include="Preprocessor.h">
      <Filter>Header Files</Filter>
    </ClInclude>
    <ClInclude Include="Stream.h">
      <Filter>Header Files</Filter>
    </ClInclude>
  </ItemGroup>
  <ItemGroup>
    <Filter Include="Source Files">
      <UniqueIdentifier>{0359963c-9c29-4a39-b0a7-29387f308a59}</UniqueIdentifier>
    </Filter>
    <Filter Include="Header Files">
      <UniqueIdentifier>{775b4604-d5d6-429f-92b9-ac61e877b680}</UniqueIdentifier>
    </Filter>
  </ItemGroup>
</Project>